
Microsoft Visual Studio Solution File, Format Version 12.00
# Visual Studio Version 17
VisualStudioVersion = 17.7.34031.279
MinimumVisualStudioVersion = 10.0.40219.1
Project("{FAE04EC0-301F-11D3-BF4B-00C04F79EFBC}") = "ShiftReportApp1", "ShiftReportApp1.csproj", "{8A790EF7-B1CC-4A47-B420-E54093E5874A}"
EndProject
Global
	GlobalSection(SolutionConfigurationPlatforms) = preSolution
		Debug|Any CPU = Debug|Any CPU
		Release|Any CPU = Release|Any CPU
	EndGlobalSection
	GlobalSection(ProjectConfigurationPlatforms) = postSolution
		{8A790EF7-B1CC-4A47-B420-E54093E5874A}.Debug|Any CPU.ActiveCfg = Debug|Any CPU
		{8A790EF7-B1CC-4A47-B420-E54093E5874A}.Debug|Any CPU.Build.0 = Debug|Any CPU
		{8A790EF7-B1CC-4A47-B420-E54093E5874A}.Release|Any CPU.ActiveCfg = Release|Any CPU
		{8A790EF7-B1CC-4A47-B420-E54093E5874A}.Release|Any CPU.Build.0 = Release|Any CPU
	EndGlobalSection
	GlobalSection(SolutionProperties) = preSolution
		HideSolutionNode = FALSE
	EndGlobalSection
	GlobalSection(ExtensibilityGlobals) = postSolution
		SolutionGuid = {63DCD8A8-02DD-4B01-BF99-4CD931288E19}
	EndGlobalSection
EndGlobal
